
Microsoft Visual Studio Solution File, Format Version 12.00
# Visual Studio Version 16
VisualStudioVersion = 16.0.31911.196
MinimumVisualStudioVersion = 10.0.40219.1
Project("{FAE04EC0-301F-11D3-BF4B-00C04F79EFBC}") = "Web Application with .net Core", "Web Application with .net Core\Web Application with .net Core.csproj", "{6D5D188B-2F0B-4A91-BDBB-B8767EBE8395}"
EndProject
Global
	GlobalSection(SolutionConfigurationPlatforms) = preSolution
		Debug|Any CPU = Debug|Any CPU
		Release|Any CPU = Release|Any CPU
	EndGlobalSection
	GlobalSection(ProjectConfigurationPlatforms) = postSolution
		{6D5D188B-2F0B-4A91-BDBB-B8767EBE8395}.Debug|Any CPU.ActiveCfg = Debug|Any CPU
		{6D5D188B-2F0B-4A91-BDBB-B8767EBE8395}.Debug|Any CPU.Build.0 = Debug|Any CPU
		{6D5D188B-2F0B-4A91-BDBB-B8767EBE8395}.Release|Any CPU.ActiveCfg = Release|Any CPU
		{6D5D188B-2F0B-4A91-BDBB-B8767EBE8395}.Release|Any CPU.Build.0 = Release|Any CPU
	EndGlobalSection
	GlobalSection(SolutionProperties) = preSolution
		HideSolutionNode = FALSE
	EndGlobalSection
	GlobalSection(ExtensibilityGlobals) = postSolution
		SolutionGuid = {21C85FA4-D7AD-4FBD-A652-58F087B1A4F3}
	EndGlobalSection
EndGlobal
